// !$*UTF8*$!
{
	archiveVersion = 1;
	classes = {
	};
	objectVersion = 50;
	objects = {

/* Begin PBXBuildFile section */
		B7275FAE277BBD970089DA4B /* OpenGL.framework in Frameworks */ = {isa = PBXBuildFile; fileRef = B7275FAA277BBD400089DA4B /* OpenGL.framework */; };
		B7275FC9277BC00D0089DA4B /* OpenGL.framework in Frameworks */ = {isa = PBXBuildFile; fileRef = B7275FAA277BBD400089DA4B /* OpenGL.framework */; };
		B79263182829C3920075CB8F /* main.cpp in Sources */ = {isa = PBXBuildFile; fileRef = B79263172829C3920075CB8F /* main.cpp */; };
		B792631D2829C3A50075CB8F /* main.cpp in Sources */ = {isa = PBXBuildFile; fileRef = B79263192829C3A50075CB8F /* main.cpp */; };
		B792631E2829C3A50075CB8F /* StateMachine.cpp in Sources */ = {isa = PBXBuildFile; fileRef = B792631A2829C3A50075CB8F /* StateMachine.cpp */; };
/* End PBXBuildFile section */

/* Begin PBXCopyFilesBuildPhase section */
		B72545402734948000EF1503 /* CopyFiles */ = {
			isa = PBXCopyFilesBuildPhase;
			buildActionMask = 2147483647;
			dstPath = /usr/share/man/man1/;
			dstSubfolderSpec = 0;
			files = (
			);
			runOnlyForDeploymentPostprocessing = 1;
		};
/* End PBXCopyFilesBuildPhase section */

/* Begin PBXFileReference section */
		B72545422734948000EF1503 /* sty */ = {isa = PBXFileReference; explicitFileType = "compiled.mach-o.executable"; includeInIndex = 0; path = sty; sourceTree = BUILT_PRODUCTS_DIR; };
		B7275FAA277BBD400089DA4B /* OpenGL.framework */ = {isa = PBXFileReference; lastKnownFileType = wrapper.framework; name = OpenGL.framework; path = System/Library/Frameworks/OpenGL.framework; sourceTree = SDKROOT; };
		B7275FAC277BBD900089DA4B /* CoreFoundation.framework */ = {isa = PBXFileReference; lastKnownFileType = wrapper.framework; name = CoreFoundation.framework; path = System/Library/Frameworks/CoreFoundation.framework; sourceTree = SDKROOT; };
		B766C9B2271E28D300126725 /* SecondaryTaskPlugin.bundle */ = {isa = PBXFileReference; explicitFileType = wrapper.cfbundle; includeInIndex = 0; path = SecondaryTaskPlugin.bundle; sourceTree = BUILT_PRODUCTS_DIR; };
		B766C9B5271E28D300126725 /* Info.plist */ = {isa = PBXFileReference; lastKnownFileType = text.plist.xml; path = Info.plist; sourceTree = "<group>"; };
		B79263172829C3920075CB8F /* main.cpp */ = {isa = PBXFileReference; fileEncoding = 4; lastKnownFileType = sourcecode.cpp.cpp; path = main.cpp; sourceTree = "<group>"; };
		B79263192829C3A50075CB8F /* main.cpp */ = {isa = PBXFileReference; fileEncoding = 4; lastKnownFileType = sourcecode.cpp.cpp; name = main.cpp; path = ../../src/main.cpp; sourceTree = "<group>"; };
		B792631A2829C3A50075CB8F /* StateMachine.cpp */ = {isa = PBXFileReference; fileEncoding = 4; lastKnownFileType = sourcecode.cpp.cpp; name = StateMachine.cpp; path = ../../src/StateMachine.cpp; sourceTree = "<group>"; };
		B792631B2829C3A50075CB8F /* main.hpp */ = {isa = PBXFileReference; fileEncoding = 4; lastKnownFileType = sourcecode.cpp.h; name = main.hpp; path = ../../src/main.hpp; sourceTree = "<group>"; };
		B792631C2829C3A50075CB8F /* StateMachine.hpp */ = {isa = PBXFileReference; fileEncoding = 4; lastKnownFileType = sourcecode.cpp.h; name = StateMachine.hpp; path = ../../src/StateMachine.hpp; sourceTree = "<group>"; };
/* End PBXFileReference section */

/* Begin PBXFrameworksBuildPhase section */
		B725453F2734948000EF1503 /* Frameworks */ = {
			isa = PBXFrameworksBuildPhase;
			buildActionMask = 2147483647;
			files = (
				B7275FAE277BBD970089DA4B /* OpenGL.framework in Frameworks */,
			);
			runOnlyForDeploymentPostprocessing = 0;
		};
		B766C9AF271E28D300126725 /* Frameworks */ = {
			isa = PBXFrameworksBuildPhase;
			buildActionMask = 2147483647;
			files = (
				B7275FC9277BC00D0089DA4B /* OpenGL.framework in Frameworks */,
			);
			runOnlyForDeploymentPostprocessing = 0;
		};
/* End PBXFrameworksBuildPhase section */

/* Begin PBXGroup section */
		B7275FA9277BBD400089DA4B /* Frameworks */ = {
			isa = PBXGroup;
			children = (
				B7275FAC277BBD900089DA4B /* CoreFoundation.framework */,
				B7275FAA277BBD400089DA4B /* OpenGL.framework */,
			);
			name = Frameworks;
			sourceTree = "<group>";
		};
		B766C9A9271E28D300126725 = {
			isa = PBXGroup;
			children = (
				B79263162829C3920075CB8F /* sty */,
				B766C9B4271E28D300126725 /* SecondaryTaskPlugin */,
				B766C9B3271E28D300126725 /* Products */,
				B7275FA9277BBD400089DA4B /* Frameworks */,
			);
			sourceTree = "<group>";
		};
		B766C9B3271E28D300126725 /* Products */ = {
			isa = PBXGroup;
			children = (
				B766C9B2271E28D300126725 /* SecondaryTaskPlugin.bundle */,
				B72545422734948000EF1503 /* sty */,
			);
			name = Products;
			sourceTree = "<group>";
		};
		B766C9B4271E28D300126725 /* SecondaryTaskPlugin */ = {
			isa = PBXGroup;
			children = (
				B766C9B5271E28D300126725 /* Info.plist */,
				B79263192829C3A50075CB8F /* main.cpp */,
				B792631B2829C3A50075CB8F /* main.hpp */,
				B792631A2829C3A50075CB8F /* StateMachine.cpp */,
				B792631C2829C3A50075CB8F /* StateMachine.hpp */,
			);
			path = SecondaryTaskPlugin;
			sourceTree = "<group>";
		};
		B79263162829C3920075CB8F /* sty */ = {
			isa = PBXGroup;
			children = (
				B79263172829C3920075CB8F /* main.cpp */,
			);
			name = sty;
			path = ../sty;
			sourceTree = "<group>";
		};
/* End PBXGroup section */

/* Begin PBXNativeTarget section */
		B72545412734948000EF1503 /* sty */ = {
			isa = PBXNativeTarget;
			buildConfigurationList = B72545482734948000EF1503 /* Build configuration list for PBXNativeTarget "sty" */;
			buildPhases = (
				B725453E2734948000EF1503 /* Sources */,
				B725453F2734948000EF1503 /* Frameworks */,
				B72545402734948000EF1503 /* CopyFiles */,
			);
			buildRules = (
			);
			dependencies = (
			);
			name = sty;
			productName = sty;
			productReference = B72545422734948000EF1503 /* sty */;
			productType = "com.apple.product-type.tool";
		};
		B766C9B1271E28D300126725 /* SecondaryTaskPlugin */ = {
			isa = PBXNativeTarget;
			buildConfigurationList = B766C9B8271E28D300126725 /* Build configuration list for PBXNativeTarget "SecondaryTaskPlugin" */;
			buildPhases = (
				B766C9AE271E28D300126725 /* Sources */,
				B766C9AF271E28D300126725 /* Frameworks */,
				B766C9B0271E28D300126725 /* Resources */,
			);
			buildRules = (
			);
			dependencies = (
			);
			name = SecondaryTaskPlugin;
			productName = SecondaryTaskPlugin;
			productReference = B766C9B2271E28D300126725 /* SecondaryTaskPlugin.bundle */;
			productType = "com.apple.product-type.bundle";
		};
/* End PBXNativeTarget section */

/* Begin PBXProject section */
		B766C9AA271E28D300126725 /* Project object */ = {
			isa = PBXProject;
			attributes = {
				LastUpgradeCheck = 1240;
				TargetAttributes = {
					B72545412734948000EF1503 = {
						CreatedOnToolsVersion = 12.4;
					};
					B766C9B1271E28D300126725 = {
						CreatedOnToolsVersion = 12.4;
					};
				};
			};
			buildConfigurationList = B766C9AD271E28D300126725 /* Build configuration list for PBXProject "SecondaryTaskPlugin" */;
			compatibilityVersion = "Xcode 9.3";
			developmentRegion = en;
			hasScannedForEncodings = 0;
			knownRegions = (
				en,
				Base,
			);
			mainGroup = B766C9A9271E28D300126725;
			productRefGroup = B766C9B3271E28D300126725 /* Products */;
			projectDirPath = "";
			projectRoot = "";
			targets = (
				B766C9B1271E28D300126725 /* SecondaryTaskPlugin */,
				B72545412734948000EF1503 /* sty */,
			);
		};
/* End PBXProject section */

/* Begin PBXResourcesBuildPhase section */
		B766C9B0271E28D300126725 /* Resources */ = {
			isa = PBXResourcesBuildPhase;
			buildActionMask = 2147483647;
			files = (
			);
			runOnlyForDeploymentPostprocessing = 0;
		};
/* End PBXResourcesBuildPhase section */

/* Begin PBXSourcesBuildPhase section */
		B725453E2734948000EF1503 /* Sources */ = {
			isa = PBXSourcesBuildPhase;
			buildActionMask = 2147483647;
			files = (
				B79263182829C3920075CB8F /* main.cpp in Sources */,
			);
			runOnlyForDeploymentPostprocessing = 0;
		};
		B766C9AE271E28D300126725 /* Sources */ = {
			isa = PBXSourcesBuildPhase;
			buildActionMask = 2147483647;
			files = (
				B792631D2829C3A50075CB8F /* main.cpp in Sources */,
				B792631E2829C3A50075CB8F /* StateMachine.cpp in Sources */,
			);
			runOnlyForDeploymentPostprocessing = 0;
		};
/* End PBXSourcesBuildPhase section */

/* Begin XCBuildConfiguration section */
		B72545462734948000EF1503 /* Debug */ = {
			isa = XCBuildConfiguration;
			buildSettings = {
				CODE_SIGN_STYLE = Automatic;
				DEVELOPMENT_TEAM = 7SJJAUTP37;
				ENABLE_HARDENED_RUNTIME = YES;
				MACOSX_DEPLOYMENT_TARGET = 11.1;
				PRODUCT_NAME = "$(TARGET_NAME)";
			};
			name = Debug;
		};
		B72545472734948000EF1503 /* Release */ = {
			isa = XCBuildConfiguration;
			buildSettings = {
				CODE_SIGN_STYLE = Automatic;
				DEVELOPMENT_TEAM = 7SJJAUTP37;
				ENABLE_HARDENED_RUNTIME = YES;
				MACOSX_DEPLOYMENT_TARGET = 11.1;
				PRODUCT_NAME = "$(TARGET_NAME)";
			};
			name = Release;
		};
		B766C9B6271E28D300126725 /* Debug */ = {
			isa = XCBuildConfiguration;
			buildSettings = {
				ALWAYS_SEARCH_USER_PATHS = NO;
				CLANG_ANALYZER_NONNULL = YES;
				CLANG_ANALYZER_NUMBER_OBJECT_CONVERSION = YES_AGGRESSIVE;
				CLANG_CXX_LANGUAGE_STANDARD = "gnu++14";
				CLANG_CXX_LIBRARY = "libc++";
				CLANG_ENABLE_MODULES = YES;
				CLANG_ENABLE_OBJC_ARC = YES;
				CLANG_ENABLE_OBJC_WEAK = YES;
				CLANG_WARN_BLOCK_CAPTURE_AUTORELEASING = YES;
				CLANG_WARN_BOOL_CONVERSION = YES;
				CLANG_WARN_COMMA = YES;
				CLANG_WARN_CONSTANT_CONVERSION = YES;
				CLANG_WARN_DEPRECATED_OBJC_IMPLEMENTATIONS = YES;
				CLANG_WARN_DIRECT_OBJC_ISA_USAGE = YES_ERROR;
				CLANG_WARN_DOCUMENTATION_COMMENTS = YES;
				CLANG_WARN_EMPTY_BODY = YES;
				CLANG_WARN_ENUM_CONVERSION = YES;
				CLANG_WARN_INFINITE_RECURSION = YES;
				CLANG_WARN_INT_CONVERSION = YES;
				CLANG_WARN_NON_LITERAL_NULL_CONVERSION = YES;
				CLANG_WARN_OBJC_IMPLICIT_RETAIN_SELF = YES;
				CLANG_WARN_OBJC_LITERAL_CONVERSION = YES;
				CLANG_WARN_OBJC_ROOT_CLASS = YES_ERROR;
				CLANG_WARN_QUOTED_INCLUDE_IN_FRAMEWORK_HEADER = YES;
				CLANG_WARN_RANGE_LOOP_ANALYSIS = YES;
				CLANG_WARN_STRICT_PROTOTYPES = YES;
				CLANG_WARN_SUSPICIOUS_MOVE = YES;
				CLANG_WARN_UNGUARDED_AVAILABILITY = YES_AGGRESSIVE;
				CLANG_WARN_UNREACHABLE_CODE = YES;
				CLANG_WARN__DUPLICATE_METHOD_MATCH = YES;
				COPY_PHASE_STRIP = NO;
				DEBUG_INFORMATION_FORMAT = dwarf;
				ENABLE_STRICT_OBJC_MSGSEND = YES;
				ENABLE_TESTABILITY = YES;
				GCC_C_LANGUAGE_STANDARD = gnu11;
				GCC_DYNAMIC_NO_PIC = NO;
				GCC_NO_COMMON_BLOCKS = YES;
				GCC_OPTIMIZATION_LEVEL = 0;
				GCC_PREPROCESSOR_DEFINITIONS = (
					"DEBUG=1",
					"$(inherited)",
					"MAC_BUILD=1",
				);
				GCC_WARN_64_TO_32_BIT_CONVERSION = YES;
				GCC_WARN_ABOUT_RETURN_TYPE = YES_ERROR;
				GCC_WARN_UNDECLARED_SELECTOR = YES;
				GCC_WARN_UNINITIALIZED_AUTOS = YES_AGGRESSIVE;
				GCC_WARN_UNUSED_FUNCTION = YES;
				GCC_WARN_UNUSED_VARIABLE = YES;
				MACOSX_DEPLOYMENT_TARGET = 10.15;
				MTL_ENABLE_DEBUG_INFO = INCLUDE_SOURCE;
				MTL_FAST_MATH = YES;
				ONLY_ACTIVE_ARCH = YES;
				SDKROOT = macosx;
			};
			name = Debug;
		};
		B766C9B7271E28D300126725 /* Release */ = {
			isa = XCBuildConfiguration;
			buildSettings = {
				ALWAYS_SEARCH_USER_PATHS = NO;
				CLANG_ANALYZER_NONNULL = YES;
				CLANG_ANALYZER_NUMBER_OBJECT_CONVERSION = YES_AGGRESSIVE;
				CLANG_CXX_LANGUAGE_STANDARD = "gnu++14";
				CLANG_CXX_LIBRARY = "libc++";
				CLANG_ENABLE_MODULES = YES;
				CLANG_ENABLE_OBJC_ARC = YES;
				CLANG_ENABLE_OBJC_WEAK = YES;
				CLANG_WARN_BLOCK_CAPTURE_AUTORELEASING = YES;
				CLANG_WARN_BOOL_CONVERSION = YES;
				CLANG_WARN_COMMA = YES;
				CLANG_WARN_CONSTANT_CONVERSION = YES;
				CLANG_WARN_DEPRECATED_OBJC_IMPLEMENTATIONS = YES;
				CLANG_WARN_DIRECT_OBJC_ISA_USAGE = YES_ERROR;
				CLANG_WARN_DOCUMENTATION_COMMENTS = YES;
				CLANG_WARN_EMPTY_BODY = YES;
				CLANG_WARN_ENUM_CONVERSION = YES;
				CLANG_WARN_INFINITE_RECURSION = YES;
				CLANG_WARN_INT_CONVERSION = YES;
				CLANG_WARN_NON_LITERAL_NULL_CONVERSION = YES;
				CLANG_WARN_OBJC_IMPLICIT_RETAIN_SELF = YES;
				CLANG_WARN_OBJC_LITERAL_CONVERSION = YES;
				CLANG_WARN_OBJC_ROOT_CLASS = YES_ERROR;
				CLANG_WARN_QUOTED_INCLUDE_IN_FRAMEWORK_HEADER = YES;
				CLANG_WARN_RANGE_LOOP_ANALYSIS = YES;
				CLANG_WARN_STRICT_PROTOTYPES = YES;
				CLANG_WARN_SUSPICIOUS_MOVE = YES;
				CLANG_WARN_UNGUARDED_AVAILABILITY = YES_AGGRESSIVE;
				CLANG_WARN_UNREACHABLE_CODE = YES;
				CLANG_WARN__DUPLICATE_METHOD_MATCH = YES;
				COPY_PHASE_STRIP = NO;
				DEBUG_INFORMATION_FORMAT = "dwarf-with-dsym";
				ENABLE_NS_ASSERTIONS = NO;
				ENABLE_STRICT_OBJC_MSGSEND = YES;
				GCC_C_LANGUAGE_STANDARD = gnu11;
				GCC_NO_COMMON_BLOCKS = YES;
				GCC_PREPROCESSOR_DEFINITIONS = "MAC_BUILD=1";
				GCC_WARN_64_TO_32_BIT_CONVERSION = YES;
				GCC_WARN_ABOUT_RETURN_TYPE = YES_ERROR;
				GCC_WARN_UNDECLARED_SELECTOR = YES;
				GCC_WARN_UNINITIALIZED_AUTOS = YES_AGGRESSIVE;
				GCC_WARN_UNUSED_FUNCTION = YES;
				GCC_WARN_UNUSED_VARIABLE = YES;
				MACOSX_DEPLOYMENT_TARGET = 10.15;
				MTL_ENABLE_DEBUG_INFO = NO;
				MTL_FAST_MATH = YES;
				SDKROOT = macosx;
			};
			name = Release;
		};
		B766C9B9271E28D300126725 /* Debug */ = {
			isa = XCBuildConfiguration;
			buildSettings = {
				CODE_SIGN_IDENTITY = "-";
				CODE_SIGN_STYLE = Automatic;
				COMBINE_HIDPI_IMAGES = YES;
				DEVELOPMENT_TEAM = "";
				INFOPLIST_FILE = SecondaryTaskPlugin/Info.plist;
				INSTALL_PATH = "$(LOCAL_LIBRARY_DIR)/Bundles";
				PRODUCT_BUNDLE_IDENTIFIER = FernandoMacedo.SecondaryTaskPlugin;
				PRODUCT_NAME = "$(TARGET_NAME)";
				SKIP_INSTALL = YES;
				WRAPPER_EXTENSION = bundle;
			};
			name = Debug;
		};
		B766C9BA271E28D300126725 /* Release */ = {
			isa = XCBuildConfiguration;
			buildSettings = {
				CODE_SIGN_IDENTITY = "-";
				CODE_SIGN_STYLE = Automatic;
				COMBINE_HIDPI_IMAGES = YES;
				DEVELOPMENT_TEAM = "";
				INFOPLIST_FILE = SecondaryTaskPlugin/Info.plist;
				INSTALL_PATH = "$(LOCAL_LIBRARY_DIR)/Bundles";
				PRODUCT_BUNDLE_IDENTIFIER = FernandoMacedo.SecondaryTaskPlugin;
				PRODUCT_NAME = "$(TARGET_NAME)";
				SKIP_INSTALL = YES;
				WRAPPER_EXTENSION = bundle;
			};
			name = Release;
		};
/* End XCBuildConfiguration section */

/* Begin XCConfigurationList section */
		B72545482734948000EF1503 /* Build configuration list for PBXNativeTarget "sty" */ = {
			isa = XCConfigurationList;
			buildConfigurations = (
				B72545462734948000EF1503 /* Debug */,
				B72545472734948000EF1503 /* Release */,
			);
			defaultConfigurationIsVisible = 0;
			defaultConfigurationName = Release;
		};
		B766C9AD271E28D300126725 /* Build configuration list for PBXProject "SecondaryTaskPlugin" */ = {
			isa = XCConfigurationList;
			buildConfigurations = (
				B766C9B6271E28D300126725 /* Debug */,
				B766C9B7271E28D300126725 /* Release */,
			);
			defaultConfigurationIsVisible = 0;
			defaultConfigurationName = Release;
		};
		B766C9B8271E28D300126725 /* Build configuration list for PBXNativeTarget "SecondaryTaskPlugin" */ = {
			isa = XCConfigurationList;
			buildConfigurations = (
				B766C9B9271E28D300126725 /* Debug */,
				B766C9BA271E28D300126725 /* Release */,
			);
			defaultConfigurationIsVisible = 0;
			defaultConfigurationName = Release;
		};
/* End XCConfigurationList section */
	};
	rootObject = B766C9AA271E28D300126725 /* Project object */;
}
